
Microsoft Visual Studio Solution File, Format Version 12.00
# Visual Studio Version 16
VisualStudioVersion = 16.0.31129.286
MinimumVisualStudioVersion = 10.0.40219.1
Project("{FAE04EC0-301F-11D3-BF4B-00C04F79EFBC}") = "WebAppMVC", "WebAppMVC\WebAppMVC.csproj", "{10D475D9-AF78-4DCA-9C00-3AB03098C409}"
EndProject
Project("{FAE04EC0-301F-11D3-BF4B-00C04F79EFBC}") = "xUnitTests", "xUnitTests\xUnitTests.csproj", "{5D8DD1A9-F048-42C9-8B0D-1785CC6B1E51}"
EndProject
Global
	GlobalSection(SolutionConfigurationPlatforms) = preSolution
		Debug|Any CPU = Debug|Any CPU
		Release|Any CPU = Release|Any CPU
	EndGlobalSection
	GlobalSection(ProjectConfigurationPlatforms) = postSolution
		{10D475D9-AF78-4DCA-9C00-3AB03098C409}.Debug|Any CPU.ActiveCfg = Debug|Any CPU
		{10D475D9-AF78-4DCA-9C00-3AB03098C409}.Debug|Any CPU.Build.0 = Debug|Any CPU
		{10D475D9-AF78-4DCA-9C00-3AB03098C409}.Release|Any CPU.ActiveCfg = Release|Any CPU
		{10D475D9-AF78-4DCA-9C00-3AB03098C409}.Release|Any CPU.Build.0 = Release|Any CPU
		{5D8DD1A9-F048-42C9-8B0D-1785CC6B1E51}.Debug|Any CPU.ActiveCfg = Debug|Any CPU
		{5D8DD1A9-F048-42C9-8B0D-1785CC6B1E51}.Debug|Any CPU.Build.0 = Debug|Any CPU
		{5D8DD1A9-F048-42C9-8B0D-1785CC6B1E51}.Release|Any CPU.ActiveCfg = Release|Any CPU
		{5D8DD1A9-F048-42C9-8B0D-1785CC6B1E51}.Release|Any CPU.Build.0 = Release|Any CPU
	EndGlobalSection
	GlobalSection(SolutionProperties) = preSolution
		HideSolutionNode = FALSE
	EndGlobalSection
	GlobalSection(ExtensibilityGlobals) = postSolution
		SolutionGuid = {7CA41293-BC40-4E86-973D-27B995044119}
	EndGlobalSection
EndGlobal
